Microsoft Visual Studio Solution File, Format Version 12.00
# Visual Studio Version 17
VisualStudioVersion = 17.5.2.0
MinimumVisualStudioVersion = 10.0.40219.1
Project("{2150E333-8FDC-42A3-9474-1A3956D46DE8}") = "ShoppingApplication", "ShoppingApplication", "{7D5E7310-D040-FE4E-26DA-4F57C698D067}"
EndProject
Project("{2150E333-8FDC-42A3-9474-1A3956D46DE8}") = "api", "api", "{11AF2BB7-4A5D-2F4D-5D53-7B7C45DF9C4E}"
EndProject
Project("{FAE04EC0-301F-11D3-BF4B-00C04F79EFBC}") = "ShoppingApi", "ShoppingApplication\api\ShoppingApi\ShoppingApi.csproj", "{508B9A64-C0F7-306F-A59B-76D12B5269FF}"
EndProject
Global
	GlobalSection(SolutionConfigurationPlatforms) = preSolution
		Debug|Any CPU = Debug|Any CPU
		Release|Any CPU = Release|Any CPU
	EndGlobalSection
	GlobalSection(ProjectConfigurationPlatforms) = postSolution
		{508B9A64-C0F7-306F-A59B-76D12B5269FF}.Debug|Any CPU.ActiveCfg = Debug|Any CPU
		{508B9A64-C0F7-306F-A59B-76D12B5269FF}.Debug|Any CPU.Build.0 = Debug|Any CPU
		{508B9A64-C0F7-306F-A59B-76D12B5269FF}.Release|Any CPU.ActiveCfg = Release|Any CPU
		{508B9A64-C0F7-306F-A59B-76D12B5269FF}.Release|Any CPU.Build.0 = Release|Any CPU
	EndGlobalSection
	GlobalSection(SolutionProperties) = preSolution
		HideSolutionNode = FALSE
	EndGlobalSection
	GlobalSection(NestedProjects) = preSolution
		{11AF2BB7-4A5D-2F4D-5D53-7B7C45DF9C4E} = {7D5E7310-D040-FE4E-26DA-4F57C698D067}
		{508B9A64-C0F7-306F-A59B-76D12B5269FF} = {11AF2BB7-4A5D-2F4D-5D53-7B7C45DF9C4E}
	EndGlobalSection
	GlobalSection(ExtensibilityGlobals) = postSolution
		SolutionGuid = {C37AF500-CFE0-45B6-BCE8-AE280D395AFA}
	EndGlobalSection
EndGlobal
